// !$*UTF8*$!
{
	archiveVersion = 1;
	classes = {
	};
	objectVersion = 50;
	objects = {

/* Begin PBXBuildFile section */
		033082C920FD825E00D10EB3 /* AppDelegate.swift in Sources */ = {isa = PBXBuildFile; fileRef = 033082C820FD825E00D10EB3 /* AppDelegate.swift */; };
		033082CB20FD825E00D10EB3 /* ViewController.swift in Sources */ = {isa = PBXBuildFile; fileRef = 033082CA20FD825E00D10EB3 /* ViewController.swift */; };
		033082CE20FD825E00D10EB3 /* Main.storyboard in Resources */ = {isa = PBXBuildFile; fileRef = 033082CC20FD825E00D10EB3 /* Main.storyboard */; };
		033082D120FD825E00D10EB3 /* butPress.xcdatamodeld in Sources */ = {isa = PBXBuildFile; fileRef = 033082CF20FD825E00D10EB3 /* butPress.xcdatamodeld */; };
		033082D320FD825F00D10EB3 /* Assets.xcassets in Resources */ = {isa = PBXBuildFile; fileRef = 033082D220FD825F00D10EB3 /* Assets.xcassets */; };
		033082D620FD825F00D10EB3 /* LaunchScreen.storyboard in Resources */ = {isa = PBXBuildFile; fileRef = 033082D420FD825F00D10EB3 /* LaunchScreen.storyboard */; };
		033082E120FD825F00D10EB3 /* butPressTests.swift in Sources */ = {isa = PBXBuildFile; fileRef = 033082E020FD825F00D10EB3 /* butPressTests.swift */; };
		033082EC20FD825F00D10EB3 /* butPressUITests.swift in Sources */ = {isa = PBXBuildFile; fileRef = 033082EB20FD825F00D10EB3 /* butPressUITests.swift */; };
/* End PBXBuildFile section */

/* Begin PBXContainerItemProxy section */
		033082DD20FD825F00D10EB3 /* PBXContainerItemProxy */ = {
			isa = PBXContainerItemProxy;
			containerPortal = 033082BD20FD825D00D10EB3 /* Project object */;
			proxyType = 1;
			remoteGlobalIDString = 033082C420FD825D00D10EB3;
			remoteInfo = butPress;
		};
		033082E820FD825F00D10EB3 /* PBXContainerItemProxy */ = {
			isa = PBXContainerItemProxy;
			containerPortal = 033082BD20FD825D00D10EB3 /* Project object */;
			proxyType = 1;
			remoteGlobalIDString = 033082C420FD825D00D10EB3;
			remoteInfo = butPress;
		};
/* End PBXContainerItemProxy section */

/* Begin PBXFileReference section */
		033082C520FD825D00D10EB3 /* butPress.app */ = {isa = PBXFileReference; explicitFileType = wrapper.application; includeInIndex = 0; path = butPress.app; sourceTree = BUILT_PRODUCTS_DIR; };
		033082C820FD825E00D10EB3 /* AppDelegate.swift */ = {isa = PBXFileReference; lastKnownFileType = sourcecode.swift; path = AppDelegate.swift; sourceTree = "<group>"; };
		033082CA20FD825E00D10EB3 /* ViewController.swift */ = {isa = PBXFileReference; lastKnownFileType = sourcecode.swift; path = ViewController.swift; sourceTree = "<group>"; };
		033082CD20FD825E00D10EB3 /* Base */ = {isa = PBXFileReference; lastKnownFileType = file.storyboard; name = Base; path = Base.lproj/Main.storyboard; sourceTree = "<group>"; };
		033082D020FD825E00D10EB3 /* butPress.xcdatamodel */ = {isa = PBXFileReference; lastKnownFileType = wrapper.xcdatamodel; path = butPress.xcdatamodel; sourceTree = "<group>"; };
		033082D220FD825F00D10EB3 /* Assets.xcassets */ = {isa = PBXFileReference; lastKnownFileType = folder.assetcatalog; path = Assets.xcassets; sourceTree = "<group>"; };
		033082D520FD825F00D10EB3 /* Base */ = {isa = PBXFileReference; lastKnownFileType = file.storyboard; name = Base; path = Base.lproj/LaunchScreen.storyboard; sourceTree = "<group>"; };
		033082D720FD825F00D10EB3 /* Info.plist */ = {isa = PBXFileReference; lastKnownFileType = text.plist.xml; path = Info.plist; sourceTree = "<group>"; };
		033082DC20FD825F00D10EB3 /* butPressTests.xctest */ = {isa = PBXFileReference; explicitFileType = wrapper.cfbundle; includeInIndex = 0; path = butPressTests.xctest; sourceTree = BUILT_PRODUCTS_DIR; };
		033082E020FD825F00D10EB3 /* butPressTests.swift */ = {isa = PBXFileReference; lastKnownFileType = sourcecode.swift; path = butPressTests.swift; sourceTree = "<group>"; };
		033082E220FD825F00D10EB3 /* Info.plist */ = {isa = PBXFileReference; lastKnownFileType = text.plist.xml; path = Info.plist; sourceTree = "<group>"; };
		033082E720FD825F00D10EB3 /* butPressUITests.xctest */ = {isa = PBXFileReference; explicitFileType = wrapper.cfbundle; includeInIndex = 0; path = butPressUITests.xctest; sourceTree = BUILT_PRODUCTS_DIR; };
		033082EB20FD825F00D10EB3 /* butPressUITests.swift */ = {isa = PBXFileReference; lastKnownFileType = sourcecode.swift; path = butPressUITests.swift; sourceTree = "<group>"; };
		033082ED20FD825F00D10EB3 /* Info.plist */ = {isa = PBXFileReference; lastKnownFileType = text.plist.xml; path = Info.plist; sourceTree = "<group>"; };
/* End PBXFileReference section */

/* Begin PBXFrameworksBuildPhase section */
		033082C220FD825D00D10EB3 /* Frameworks */ = {
			isa = PBXFrameworksBuildPhase;
			buildActionMask = 2147483647;
			files = (
			);
			runOnlyForDeploymentPostprocessing = 0;
		};
		033082D920FD825F00D10EB3 /* Frameworks */ = {
			isa = PBXFrameworksBuildPhase;
			buildActionMask = 2147483647;
			files = (
			);
			runOnlyForDeploymentPostprocessing = 0;
		};
		033082E420FD825F00D10EB3 /* Frameworks */ = {
			isa = PBXFrameworksBuildPhase;
			buildActionMask = 2147483647;
			files = (
			);
			runOnlyForDeploymentPostprocessing = 0;
		};
/* End PBXFrameworksBuildPhase section */

/* Begin PBXGroup section */
		033082BC20FD825D00D10EB3 = {
			isa = PBXGroup;
			children = (
				033082C720FD825D00D10EB3 /* butPress */,
				033082DF20FD825F00D10EB3 /* butPressTests */,
				033082EA20FD825F00D10EB3 /* butPressUITests */,
				033082C620FD825D00D10EB3 /* Products */,
			);
			sourceTree = "<group>";
		};
		033082C620FD825D00D10EB3 /* Products */ = {
			isa = PBXGroup;
			children = (
				033082C520FD825D00D10EB3 /* butPress.app */,
				033082DC20FD825F00D10EB3 /* butPressTests.xctest */,
				033082E720FD825F00D10EB3 /* butPressUITests.xctest */,
			);
			name = Products;
			sourceTree = "<group>";
		};
		033082C720FD825D00D10EB3 /* butPress */ = {
			isa = PBXGroup;
			children = (
				033082C820FD825E00D10EB3 /* AppDelegate.swift */,
				033082CA20FD825E00D10EB3 /* ViewController.swift */,
				033082CC20FD825E00D10EB3 /* Main.storyboard */,
				033082D220FD825F00D10EB3 /* Assets.xcassets */,
				033082D420FD825F00D10EB3 /* LaunchScreen.storyboard */,
				033082D720FD825F00D10EB3 /* Info.plist */,
				033082CF20FD825E00D10EB3 /* butPress.xcdatamodeld */,
			);
			path = butPress;
			sourceTree = "<group>";
		};
		033082DF20FD825F00D10EB3 /* butPressTests */ = {
			isa = PBXGroup;
			children = (
				033082E020FD825F00D10EB3 /* butPressTests.swift */,
				033082E220FD825F00D10EB3 /* Info.plist */,
			);
			path = butPressTests;
			sourceTree = "<group>";
		};
		033082EA20FD825F00D10EB3 /* butPressUITests */ = {
			isa = PBXGroup;
			children = (
				033082EB20FD825F00D10EB3 /* butPressUITests.swift */,
				033082ED20FD825F00D10EB3 /* Info.plist */,
			);
			path = butPressUITests;
			sourceTree = "<group>";
		};
/* End PBXGroup section */

/* Begin PBXNativeTarget section */
		033082C420FD825D00D10EB3 /* butPress */ = {
			isa = PBXNativeTarget;
			buildConfigurationList = 033082F020FD825F00D10EB3 /* Build configuration list for PBXNativeTarget "butPress" */;
			buildPhases = (
				033082C120FD825D00D10EB3 /* Sources */,
				033082C220FD825D00D10EB3 /* Frameworks */,
				033082C320FD825D00D10EB3 /* Resources */,
			);
			buildRules = (
			);
			dependencies = (
			);
			name = butPress;
			productName = butPress;
			productReference = 033082C520FD825D00D10EB3 /* butPress.app */;
			productType = "com.apple.product-type.application";
		};
		033082DB20FD825F00D10EB3 /* butPressTests */ = {
			isa = PBXNativeTarget;
			buildConfigurationList = 033082F320FD825F00D10EB3 /* Build configuration list for PBXNativeTarget "butPressTests" */;
			buildPhases = (
				033082D820FD825F00D10EB3 /* Sources */,
				033082D920FD825F00D10EB3 /* Frameworks */,
				033082DA20FD825F00D10EB3 /* Resources */,
			);
			buildRules = (
			);
			dependencies = (
				033082DE20FD825F00D10EB3 /* PBXTargetDependency */,
			);
			name = butPressTests;
			productName = butPressTests;
			productReference = 033082DC20FD825F00D10EB3 /* butPressTests.xctest */;
			productType = "com.apple.product-type.bundle.unit-test";
		};
		033082E620FD825F00D10EB3 /* butPressUITests */ = {
			isa = PBXNativeTarget;
			buildConfigurationList = 033082F620FD825F00D10EB3 /* Build configuration list for PBXNativeTarget "butPressUITests" */;
			buildPhases = (
				033082E320FD825F00D10EB3 /* Sources */,
				033082E420FD825F00D10EB3 /* Frameworks */,
				033082E520FD825F00D10EB3 /* Resources */,
			);
			buildRules = (
			);
			dependencies = (
				033082E920FD825F00D10EB3 /* PBXTargetDependency */,
			);
			name = butPressUITests;
			productName = butPressUITests;
			productReference = 033082E720FD825F00D10EB3 /* butPressUITests.xctest */;
			productType = "com.apple.product-type.bundle.ui-testing";
		};
/* End PBXNativeTarget section */

/* Begin PBXProject section */
		033082BD20FD825D00D10EB3 /* Project object */ = {
			isa = PBXProject;
			attributes = {
				LastSwiftUpdateCheck = 0940;
				LastUpgradeCheck = 0940;
				ORGANIZATIONNAME = Josh;
				TargetAttributes = {
					033082C420FD825D00D10EB3 = {
						CreatedOnToolsVersion = 9.4.1;
					};
					033082DB20FD825F00D10EB3 = {
						CreatedOnToolsVersion = 9.4.1;
						TestTargetID = 033082C420FD825D00D10EB3;
					};
					033082E620FD825F00D10EB3 = {
						CreatedOnToolsVersion = 9.4.1;
						TestTargetID = 033082C420FD825D00D10EB3;
					};
				};
			};
			buildConfigurationList = 033082C020FD825D00D10EB3 /* Build configuration list for PBXProject "butPress" */;
			compatibilityVersion = "Xcode 9.3";
			developmentRegion = en;
			hasScannedForEncodings = 0;
			knownRegions = (
				en,
				Base,
			);
			mainGroup = 033082BC20FD825D00D10EB3;
			productRefGroup = 033082C620FD825D00D10EB3 /* Products */;
			projectDirPath = "";
			projectRoot = "";
			targets = (
				033082C420FD825D00D10EB3 /* butPress */,
				033082DB20FD825F00D10EB3 /* butPressTests */,
				033082E620FD825F00D10EB3 /* butPressUITests */,
			);
		};
/* End PBXProject section */

/* Begin PBXResourcesBuildPhase section */
		033082C320FD825D00D10EB3 /* Resources */ = {
			isa = PBXResourcesBuildPhase;
			buildActionMask = 2147483647;
			files = (
				033082D620FD825F00D10EB3 /* LaunchScreen.storyboard in Resources */,
				033082D320FD825F00D10EB3 /* Assets.xcassets in Resources */,
				033082CE20FD825E00D10EB3 /* Main.storyboard in Resources */,
			);
			runOnlyForDeploymentPostprocessing = 0;
		};
		033082DA20FD825F00D10EB3 /* Resources */ = {
			isa = PBXResourcesBuildPhase;
			buildActionMask = 2147483647;
			files = (
			);
			runOnlyForDeploymentPostprocessing = 0;
		};
		033082E520FD825F00D10EB3 /* Resources */ = {
			isa = PBXResourcesBuildPhase;
			buildActionMask = 2147483647;
			files = (
			);
			runOnlyForDeploymentPostprocessing = 0;
		};
/* End PBXResourcesBuildPhase section */

/* Begin PBXSourcesBuildPhase section */
		033082C120FD825D00D10EB3 /* Sources */ = {
			isa = PBXSourcesBuildPhase;
			buildActionMask = 2147483647;
			files = (
				033082D120FD825E00D10EB3 /* butPress.xcdatamodeld in Sources */,
				033082CB20FD825E00D10EB3 /* ViewController.swift in Sources */,
				033082C920FD825E00D10EB3 /* AppDelegate.swift in Sources */,
			);
			runOnlyForDeploymentPostprocessing = 0;
		};
		033082D820FD825F00D10EB3 /* Sources */ = {
			isa = PBXSourcesBuildPhase;
			buildActionMask = 2147483647;
			files = (
				033082E120FD825F00D10EB3 /* butPressTests.swift in Sources */,
			);
			runOnlyForDeploymentPostprocessing = 0;
		};
		033082E320FD825F00D10EB3 /* Sources */ = {
			isa = PBXSourcesBuildPhase;
			buildActionMask = 2147483647;
			files = (
				033082EC20FD825F00D10EB3 /* butPressUITests.swift in Sources */,
			);
			runOnlyForDeploymentPostprocessing = 0;
		};
/* End PBXSourcesBuildPhase section */

/* Begin PBXTargetDependency section */
		033082DE20FD825F00D10EB3 /* PBXTargetDependency */ = {
			isa = PBXTargetDependency;
			target = 033082C420FD825D00D10EB3 /* butPress */;
			targetProxy = 033082DD20FD825F00D10EB3 /* PBXContainerItemProxy */;
		};
		033082E920FD825F00D10EB3 /* PBXTargetDependency */ = {
			isa = PBXTargetDependency;
			target = 033082C420FD825D00D10EB3 /* butPress */;
			targetProxy = 033082E820FD825F00D10EB3 /* PBXContainerItemProxy */;
		};
/* End PBXTargetDependency section */

/* Begin PBXVariantGroup section */
		033082CC20FD825E00D10EB3 /* Main.storyboard */ = {
			isa = PBXVariantGroup;
			children = (
				033082CD20FD825E00D10EB3 /* Base */,
			);
			name = Main.storyboard;
			sourceTree = "<group>";
		};
		033082D420FD825F00D10EB3 /* LaunchScreen.storyboard */ = {
			isa = PBXVariantGroup;
			children = (
				033082D520FD825F00D10EB3 /* Base */,
			);
			name = LaunchScreen.storyboard;
			sourceTree = "<group>";
		};
/* End PBXVariantGroup section */

/* Begin XCBuildConfiguration section */
		033082EE20FD825F00D10EB3 /* Debug */ = {
			isa = XCBuildConfiguration;
			buildSettings = {
				ALWAYS_SEARCH_USER_PATHS = NO;
				CLANG_ANALYZER_NONNULL = YES;
				CLANG_ANALYZER_NUMBER_OBJECT_CONVERSION = YES_AGGRESSIVE;
				CLANG_CXX_LANGUAGE_STANDARD = "gnu++14";
				CLANG_CXX_LIBRARY = "libc++";
				CLANG_ENABLE_MODULES = YES;
				CLANG_ENABLE_OBJC_ARC = YES;
				CLANG_ENABLE_OBJC_WEAK = YES;
				CLANG_WARN_BLOCK_CAPTURE_AUTORELEASING = YES;
				CLANG_WARN_BOOL_CONVERSION = YES;
				CLANG_WARN_COMMA = YES;
				CLANG_WARN_CONSTANT_CONVERSION = YES;
				CLANG_WARN_DEPRECATED_OBJC_IMPLEMENTATIONS = YES;
				CLANG_WARN_DIRECT_OBJC_ISA_USAGE = YES_ERROR;
				CLANG_WARN_DOCUMENTATION_COMMENTS = YES;
				CLANG_WARN_EMPTY_BODY = YES;
				CLANG_WARN_ENUM_CONVERSION = YES;
				CLANG_WARN_INFINITE_RECURSION = YES;
				CLANG_WARN_INT_CONVERSION = YES;
				CLANG_WARN_NON_LITERAL_NULL_CONVERSION = YES;
				CLANG_WARN_OBJC_IMPLICIT_RETAIN_SELF = YES;
				CLANG_WARN_OBJC_LITERAL_CONVERSION = YES;
				CLANG_WARN_OBJC_ROOT_CLASS = YES_ERROR;
				CLANG_WARN_RANGE_LOOP_ANALYSIS = YES;
				CLANG_WARN_STRICT_PROTOTYPES = YES;
				CLANG_WARN_SUSPICIOUS_MOVE = YES;
				CLANG_WARN_UNGUARDED_AVAILABILITY = YES_AGGRESSIVE;
				CLANG_WARN_UNREACHABLE_CODE = YES;
				CLANG_WARN__DUPLICATE_METHOD_MATCH = YES;
				CODE_SIGN_IDENTITY = "iPhone Developer";
				COPY_PHASE_STRIP = NO;
				DEBUG_INFORMATION_FORMAT = dwarf;
				ENABLE_STRICT_OBJC_MSGSEND = YES;
				ENABLE_TESTABILITY = YES;
				GCC_C_LANGUAGE_STANDARD = gnu11;
				GCC_DYNAMIC_NO_PIC = NO;
				GCC_NO_COMMON_BLOCKS = YES;
				GCC_OPTIMIZATION_LEVEL = 0;
				GCC_PREPROCESSOR_DEFINITIONS = (
					"DEBUG=1",
					"$(inherited)",
				);
				GCC_WARN_64_TO_32_BIT_CONVERSION = YES;
				GCC_WARN_ABOUT_RETURN_TYPE = YES_ERROR;
				GCC_WARN_UNDECLARED_SELECTOR = YES;
				GCC_WARN_UNINITIALIZED_AUTOS = YES_AGGRESSIVE;
				GCC_WARN_UNUSED_FUNCTION = YES;
				GCC_WARN_UNUSED_VARIABLE = YES;
				IPHONEOS_DEPLOYMENT_TARGET = 11.4;
				MTL_ENABLE_DEBUG_INFO = YES;
				ONLY_ACTIVE_ARCH = YES;
				SDKROOT = iphoneos;
				SWIFT_ACTIVE_COMPILATION_CONDITIONS = DEBUG;
				SWIFT_OPTIMIZATION_LEVEL = "-Onone";
			};
			name = Debug;
		};
		033082EF20FD825F00D10EB3 /* Release */ = {
			isa = XCBuildConfiguration;
			buildSettings = {
				ALWAYS_SEARCH_USER_PATHS = NO;
				CLANG_ANALYZER_NONNULL = YES;
				CLANG_ANALYZER_NUMBER_OBJECT_CONVERSION = YES_AGGRESSIVE;
				CLANG_CXX_LANGUAGE_STANDARD = "gnu++14";
				CLANG_CXX_LIBRARY = "libc++";
				CLANG_ENABLE_MODULES = YES;
				CLANG_ENABLE_OBJC_ARC = YES;
				CLANG_ENABLE_OBJC_WEAK = YES;
				CLANG_WARN_BLOCK_CAPTURE_AUTORELEASING = YES;
				CLANG_WARN_BOOL_CONVERSION = YES;
				CLANG_WARN_COMMA = YES;
				CLANG_WARN_CONSTANT_CONVERSION = YES;
				CLANG_WARN_DEPRECATED_OBJC_IMPLEMENTATIONS = YES;
				CLANG_WARN_DIRECT_OBJC_ISA_USAGE = YES_ERROR;
				CLANG_WARN_DOCUMENTATION_COMMENTS = YES;
				CLANG_WARN_EMPTY_BODY = YES;
				CLANG_WARN_ENUM_CONVERSION = YES;
				CLANG_WARN_INFINITE_RECURSION = YES;
				CLANG_WARN_INT_CONVERSION = YES;
				CLANG_WARN_NON_LITERAL_NULL_CONVERSION = YES;
				CLANG_WARN_OBJC_IMPLICIT_RETAIN_SELF = YES;
				CLANG_WARN_OBJC_LITERAL_CONVERSION = YES;
				CLANG_WARN_OBJC_ROOT_CLASS = YES_ERROR;
				CLANG_WARN_RANGE_LOOP_ANALYSIS = YES;
				CLANG_WARN_STRICT_PROTOTYPES = YES;
				CLANG_WARN_SUSPICIOUS_MOVE = YES;
				CLANG_WARN_UNGUARDED_AVAILABILITY = YES_AGGRESSIVE;
				CLANG_WARN_UNREACHABLE_CODE = YES;
				CLANG_WARN__DUPLICATE_METHOD_MATCH = YES;
				CODE_SIGN_IDENTITY = "iPhone Developer";
				COPY_PHASE_STRIP = NO;
				DEBUG_INFORMATION_FORMAT = "dwarf-with-dsym";
				ENABLE_NS_ASSERTIONS = NO;
				ENABLE_STRICT_OBJC_MSGSEND = YES;
				GCC_C_LANGUAGE_STANDARD = gnu11;
				GCC_NO_COMMON_BLOCKS = YES;
				GCC_WARN_64_TO_32_BIT_CONVERSION = YES;
				GCC_WARN_ABOUT_RETURN_TYPE = YES_ERROR;
				GCC_WARN_UNDECLARED_SELECTOR = YES;
				GCC_WARN_UNINITIALIZED_AUTOS = YES_AGGRESSIVE;
				GCC_WARN_UNUSED_FUNCTION = YES;
				GCC_WARN_UNUSED_VARIABLE = YES;
				IPHONEOS_DEPLOYMENT_TARGET = 11.4;
				MTL_ENABLE_DEBUG_INFO = NO;
				SDKROOT = iphoneos;
				SWIFT_COMPILATION_MODE = wholemodule;
				SWIFT_OPTIMIZATION_LEVEL = "-O";
				VALIDATE_PRODUCT = YES;
			};
			name = Release;
		};
		033082F120FD825F00D10EB3 /* Debug */ = {
			isa = XCBuildConfiguration;
			buildSettings = {
				ASSETCATALOG_COMPILER_APPICON_NAME = AppIcon;
				CODE_SIGN_STYLE = Automatic;
				DEVELOPMENT_TEAM = 7XQGYRQSEB;
				INFOPLIST_FILE = butPress/Info.plist;
				LD_RUNPATH_SEARCH_PATHS = (
					"$(inherited)",
					"@executable_path/Frameworks",
				);
				PRODUCT_BUNDLE_IDENTIFIER = Josh.butPress;
				PRODUCT_NAME = "$(TARGET_NAME)";
				SWIFT_VERSION = 4.0;
				TARGETED_DEVICE_FAMILY = "1,2";
			};
			name = Debug;
		};
		033082F220FD825F00D10EB3 /* Release */ = {
			isa = XCBuildConfiguration;
			buildSettings = {
				ASSETCATALOG_COMPILER_APPICON_NAME = AppIcon;
				CODE_SIGN_STYLE = Automatic;
				DEVELOPMENT_TEAM = 7XQGYRQSEB;
				INFOPLIST_FILE = butPress/Info.plist;
				LD_RUNPATH_SEARCH_PATHS = (
					"$(inherited)",
					"@executable_path/Frameworks",
				);
				PRODUCT_BUNDLE_IDENTIFIER = Josh.butPress;
				PRODUCT_NAME = "$(TARGET_NAME)";
				SWIFT_VERSION = 4.0;
				TARGETED_DEVICE_FAMILY = "1,2";
			};
			name = Release;
		};
		033082F420FD825F00D10EB3 /* Debug */ = {
			isa = XCBuildConfiguration;
			buildSettings = {
				ALWAYS_EMBED_SWIFT_STANDARD_LIBRARIES = YES;
				BUNDLE_LOADER = "$(TEST_HOST)";
				CODE_SIGN_STYLE = Automatic;
				DEVELOPMENT_TEAM = 7XQGYRQSEB;
				INFOPLIST_FILE = butPressTests/Info.plist;
				LD_RUNPATH_SEARCH_PATHS = (
					"$(inherited)",
					"@executable_path/Frameworks",
					"@loader_path/Frameworks",
				);
				PRODUCT_BUNDLE_IDENTIFIER = Josh.butPressTests;
				PRODUCT_NAME = "$(TARGET_NAME)";
				SWIFT_VERSION = 4.0;
				TARGETED_DEVICE_FAMILY = "1,2";
				TEST_HOST = "$(BUILT_PRODUCTS_DIR)/butPress.app/butPress";
			};
			name = Debug;
		};
		033082F520FD825F00D10EB3 /* Release */ = {
			isa = XCBuildConfiguration;
			buildSettings = {
				ALWAYS_EMBED_SWIFT_STANDARD_LIBRARIES = YES;
				BUNDLE_LOADER = "$(TEST_HOST)";
				CODE_SIGN_STYLE = Automatic;
				DEVELOPMENT_TEAM = 7XQGYRQSEB;
				INFOPLIST_FILE = butPressTests/Info.plist;
				LD_RUNPATH_SEARCH_PATHS = (
					"$(inherited)",
					"@executable_path/Frameworks",
					"@loader_path/Frameworks",
				);
				PRODUCT_BUNDLE_IDENTIFIER = Josh.butPressTests;
				PRODUCT_NAME = "$(TARGET_NAME)";
				SWIFT_VERSION = 4.0;
				TARGETED_DEVICE_FAMILY = "1,2";
				TEST_HOST = "$(BUILT_PRODUCTS_DIR)/butPress.app/butPress";
			};
			name = Release;
		};
		033082F720FD825F00D10EB3 /* Debug */ = {
			isa = XCBuildConfiguration;
			buildSettings = {
				ALWAYS_EMBED_SWIFT_STANDARD_LIBRARIES = YES;
				CODE_SIGN_STYLE = Automatic;
				DEVELOPMENT_TEAM = 7XQGYRQSEB;
				INFOPLIST_FILE = butPressUITests/Info.plist;
				LD_RUNPATH_SEARCH_PATHS = (
					"$(inherited)",
					"@executable_path/Frameworks",
					"@loader_path/Frameworks",
				);
				PRODUCT_BUNDLE_IDENTIFIER = Josh.butPressUITests;
				PRODUCT_NAME = "$(TARGET_NAME)";
				SWIFT_VERSION = 4.0;
				TARGETED_DEVICE_FAMILY = "1,2";
				TEST_TARGET_NAME = butPress;
			};
			name = Debug;
		};
		033082F820FD825F00D10EB3 /* Release */ = {
			isa = XCBuildConfiguration;
			buildSettings = {
				ALWAYS_EMBED_SWIFT_STANDARD_LIBRARIES = YES;
				CODE_SIGN_STYLE = Automatic;
				DEVELOPMENT_TEAM = 7XQGYRQSEB;
				INFOPLIST_FILE = butPressUITests/Info.plist;
				LD_RUNPATH_SEARCH_PATHS = (
					"$(inherited)",
					"@executable_path/Frameworks",
					"@loader_path/Frameworks",
				);
				PRODUCT_BUNDLE_IDENTIFIER = Josh.butPressUITests;
				PRODUCT_NAME = "$(TARGET_NAME)";
				SWIFT_VERSION = 4.0;
				TARGETED_DEVICE_FAMILY = "1,2";
				TEST_TARGET_NAME = butPress;
			};
			name = Release;
		};
/* End XCBuildConfiguration section */

/* Begin XCConfigurationList section */
		033082C020FD825D00D10EB3 /* Build configuration list for PBXProject "butPress" */ = {
			isa = XCConfigurationList;
			buildConfigurations = (
				033082EE20FD825F00D10EB3 /* Debug */,
				033082EF20FD825F00D10EB3 /* Release */,
			);
			defaultConfigurationIsVisible = 0;
			defaultConfigurationName = Release;
		};
		033082F020FD825F00D10EB3 /* Build configuration list for PBXNativeTarget "butPress" */ = {
			isa = XCConfigurationList;
			buildConfigurations = (
				033082F120FD825F00D10EB3 /* Debug */,
				033082F220FD825F00D10EB3 /* Release */,
			);
			defaultConfigurationIsVisible = 0;
			defaultConfigurationName = Release;
		};
		033082F320FD825F00D10EB3 /* Build configuration list for PBXNativeTarget "butPressTests" */ = {
			isa = XCConfigurationList;
			buildConfigurations = (
				033082F420FD825F00D10EB3 /* Debug */,
				033082F520FD825F00D10EB3 /* Release */,
			);
			defaultConfigurationIsVisible = 0;
			defaultConfigurationName = Release;
		};
		033082F620FD825F00D10EB3 /* Build configuration list for PBXNativeTarget "butPressUITests" */ = {
			isa = XCConfigurationList;
			buildConfigurations = (
				033082F720FD825F00D10EB3 /* Debug */,
				033082F820FD825F00D10EB3 /* Release */,
			);
			defaultConfigurationIsVisible = 0;
			defaultConfigurationName = Release;
		};
/* End XCConfigurationList section */

/* Begin XCVersionGroup section */
		033082CF20FD825E00D10EB3 /* butPress.xcdatamodeld */ = {
			isa = XCVersionGroup;
			children = (
				033082D020FD825E00D10EB3 /* butPress.xcdatamodel */,
			);
			currentVersion = 033082D020FD825E00D10EB3 /* butPress.xcdatamodel */;
			path = butPress.xcdatamodeld;
			sourceTree = "<group>";
			versionGroupType = wrapper.xcdatamodel;
		};
/* End XCVersionGroup section */
	};
	rootObject = 033082BD20FD825D00D10EB3 /* Project object */;
}
